
Microsoft Visual Studio Solution File, Format Version 12.00
# Visual Studio 15
VisualStudioVersion = 15.0.27130.2020
MinimumVisualStudioVersion = 10.0.40219.1
Project("{FAE04EC0-301F-11D3-BF4B-00C04F79EFBC}") = "Concepts", "Concepts\Concepts.csproj", "{9F5E8F91-DC9F-427B-AE81-BDC19F4A58F3}"
EndProject
Global
	GlobalSection(SolutionConfigurationPlatforms) = preSolution
		Debug|Any CPU = Debug|Any CPU
		Release|Any CPU = Release|Any CPU
	EndGlobalSection
	GlobalSection(ProjectConfigurationPlatforms) = postSolution
		{9F5E8F91-DC9F-427B-AE81-BDC19F4A58F3}.Debug|Any CPU.ActiveCfg = Debug|Any CPU
		{9F5E8F91-DC9F-427B-AE81-BDC19F4A58F3}.Debug|Any CPU.Build.0 = Debug|Any CPU
		{9F5E8F91-DC9F-427B-AE81-BDC19F4A58F3}.Release|Any CPU.ActiveCfg = Release|Any CPU
		{9F5E8F91-DC9F-427B-AE81-BDC19F4A58F3}.Release|Any CPU.Build.0 = Release|Any CPU
	EndGlobalSection
	GlobalSection(SolutionProperties) = preSolution
		HideSolutionNode = FALSE
	EndGlobalSection
	GlobalSection(ExtensibilityGlobals) = postSolution
		SolutionGuid = {0CDF2AE2-FDE4-4CB1-9EEC-47E8D649605D}
	EndGlobalSection
EndGlobal
